
Microsoft Visual Studio Solution File, Format Version 12.00
# Visual Studio Version 16
VisualStudioVersion = 16.0.31911.196
MinimumVisualStudioVersion = 10.0.40219.1
Project("{FAE04EC0-301F-11D3-BF4B-00C04F79EFBC}") = "desafioAPI", "desafioAPI\desafioAPI.csproj", "{4CD697F3-AF95-40AA-A060-CBA92C56E81C}"
EndProject
Global
	GlobalSection(SolutionConfigurationPlatforms) = preSolution
		Debug|Any CPU = Debug|Any CPU
		Release|Any CPU = Release|Any CPU
	EndGlobalSection
	GlobalSection(ProjectConfigurationPlatforms) = postSolution
		{4CD697F3-AF95-40AA-A060-CBA92C56E81C}.Debug|Any CPU.ActiveCfg = Debug|Any CPU
		{4CD697F3-AF95-40AA-A060-CBA92C56E81C}.Debug|Any CPU.Build.0 = Debug|Any CPU
		{4CD697F3-AF95-40AA-A060-CBA92C56E81C}.Release|Any CPU.ActiveCfg = Release|Any CPU
		{4CD697F3-AF95-40AA-A060-CBA92C56E81C}.Release|Any CPU.Build.0 = Release|Any CPU
	EndGlobalSection
	GlobalSection(SolutionProperties) = preSolution
		HideSolutionNode = FALSE
	EndGlobalSection
	GlobalSection(ExtensibilityGlobals) = postSolution
		SolutionGuid = {1799395A-79C1-4125-AA94-EBA445E37FBF}
	EndGlobalSection
EndGlobal
